<Solution>
  <Folder Name="/Solution Items/">
    <File Path=".github/workflows/nuget.yaml" />
    <File Path=".github/workflows/test.yaml" />
    <File Path="LICENSE" />
    <File Path="README.md" />
  </Folder>
  <Project Path="WslcGenerator/WslcGenerator.csproj" />
  <Project Path="WslcTest/WslcTest.csproj" />
  <Project Path="WslcWrapper/WslcWrapper.csproj" />
</Solution>
